
Microsoft Visual Studio Solution File, Format Version 12.00
# Visual Studio 15
VisualStudioVersion = 15.0.26430.14
MinimumVisualStudioVersion = 10.0.40219.1
Project("{FAE04EC0-301F-11D3-BF4B-00C04F79EFBC}") = "Rant", "Rant\Rant.csproj", "{A4B6FD1A-44A6-42D2-B4AA-57BC85D2CDD7}"
EndProject
Project("{FAE04EC0-301F-11D3-BF4B-00C04F79EFBC}") = "Rant.Console", "Rant.Console\Rant.Console.csproj", "{9D1B18BB-7879-4931-A19B-4F6CE6FD48B1}"
EndProject
Project("{FAE04EC0-301F-11D3-BF4B-00C04F79EFBC}") = "Rant.Tests", "Rant.Tests\Rant.Tests.csproj", "{A756F3FA-9172-4F08-94EB-17AFBD115078}"
EndProject
Project("{2150E333-8FDC-42A3-9474-1A3956D46DE8}") = "Solution Items", "Solution Items", "{E034FE1D-9CD4-4534-B49C-3CA4EEDCD014}"
	ProjectSection(SolutionItems) = preProject
		Rebracer.xml = Rebracer.xml
	EndProjectSection
EndProject
Project("{2150E333-8FDC-42A3-9474-1A3956D46DE8}") = "Common", "Common", "{91992F9F-5CD0-4EEE-85A1-C49EA9260C0A}"
	ProjectSection(SolutionItems) = preProject
		CmdLine.cs = CmdLine.cs
	EndProjectSection
EndProject
Project("{FAE04EC0-301F-11D3-BF4B-00C04F79EFBC}") = "Rant.Tools", "Rant.Tools\Rant.Tools.csproj", "{409C7DD6-8DEB-4DF9-9D1E-91861B782A35}"
EndProject
Project("{FAE04EC0-301F-11D3-BF4B-00C04F79EFBC}") = "Rant.Benchmark", "Rant.Benchmark\Rant.Benchmark.csproj", "{3DA28B64-BD56-4F33-9249-33C1ACB499DA}"
EndProject
Global
	GlobalSection(SolutionConfigurationPlatforms) = preSolution
		Debug|Any CPU = Debug|Any CPU
		Debug|Default = Debug|Default
		Debug|x64 = Debug|x64
		Debug|x86 = Debug|x86
		Release|Any CPU = Release|Any CPU
		Release|Default = Release|Default
		Release|x64 = Release|x64
		Release|x86 = Release|x86
	EndGlobalSection
	GlobalSection(ProjectConfigurationPlatforms) = postSolution
		{A4B6FD1A-44A6-42D2-B4AA-57BC85D2CDD7}.Debug|Any CPU.ActiveCfg = Debug|Any CPU
		{A4B6FD1A-44A6-42D2-B4AA-57BC85D2CDD7}.Debug|Any CPU.Build.0 = Debug|Any CPU
		{A4B6FD1A-44A6-42D2-B4AA-57BC85D2CDD7}.Debug|Default.ActiveCfg = Debug|Any CPU
		{A4B6FD1A-44A6-42D2-B4AA-57BC85D2CDD7}.Debug|x64.ActiveCfg = Debug|x64
		{A4B6FD1A-44A6-42D2-B4AA-57BC85D2CDD7}.Debug|x64.Build.0 = Debug|x64
		{A4B6FD1A-44A6-42D2-B4AA-57BC85D2CDD7}.Debug|x86.ActiveCfg = Debug|x86
		{A4B6FD1A-44A6-42D2-B4AA-57BC85D2CDD7}.Debug|x86.Build.0 = Debug|x86
		{A4B6FD1A-44A6-42D2-B4AA-57BC85D2CDD7}.Release|Any CPU.ActiveCfg = Release|Any CPU
		{A4B6FD1A-44A6-42D2-B4AA-57BC85D2CDD7}.Release|Any CPU.Build.0 = Release|Any CPU
		{A4B6FD1A-44A6-42D2-B4AA-57BC85D2CDD7}.Release|Default.ActiveCfg = Release|Any CPU
		{A4B6FD1A-44A6-42D2-B4AA-57BC85D2CDD7}.Release|Default.Build.0 = Release|Any CPU
		{A4B6FD1A-44A6-42D2-B4AA-57BC85D2CDD7}.Release|x64.ActiveCfg = Release|x64
		{A4B6FD1A-44A6-42D2-B4AA-57BC85D2CDD7}.Release|x64.Build.0 = Release|x64
		{A4B6FD1A-44A6-42D2-B4AA-57BC85D2CDD7}.Release|x86.ActiveCfg = Release|x86
		{A4B6FD1A-44A6-42D2-B4AA-57BC85D2CDD7}.Release|x86.Build.0 = Release|x86
		{9D1B18BB-7879-4931-A19B-4F6CE6FD48B1}.Debug|Any CPU.ActiveCfg = Debug|Any CPU
		{9D1B18BB-7879-4931-A19B-4F6CE6FD48B1}.Debug|Any CPU.Build.0 = Debug|Any CPU
		{9D1B18BB-7879-4931-A19B-4F6CE6FD48B1}.Debug|Default.ActiveCfg = Debug|Any CPU
		{9D1B18BB-7879-4931-A19B-4F6CE6FD48B1}.Debug|x64.ActiveCfg = Debug|Any CPU
		{9D1B18BB-7879-4931-A19B-4F6CE6FD48B1}.Debug|x64.Build.0 = Debug|Any CPU
		{9D1B18BB-7879-4931-A19B-4F6CE6FD48B1}.Debug|x86.ActiveCfg = Debug|Any CPU
		{9D1B18BB-7879-4931-A19B-4F6CE6FD48B1}.Debug|x86.Build.0 = Debug|Any CPU
		{9D1B18BB-7879-4931-A19B-4F6CE6FD48B1}.Release|Any CPU.ActiveCfg = Release|Any CPU
		{9D1B18BB-7879-4931-A19B-4F6CE6FD48B1}.Release|Any CPU.Build.0 = Release|Any CPU
		{9D1B18BB-7879-4931-A19B-4F6CE6FD48B1}.Release|Default.ActiveCfg = Release|Any CPU
		{9D1B18BB-7879-4931-A19B-4F6CE6FD48B1}.Release|Default.Build.0 = Release|Any CPU
		{9D1B18BB-7879-4931-A19B-4F6CE6FD48B1}.Release|x64.ActiveCfg = Release|Any CPU
		{9D1B18BB-7879-4931-A19B-4F6CE6FD48B1}.Release|x64.Build.0 = Release|Any CPU
		{9D1B18BB-7879-4931-A19B-4F6CE6FD48B1}.Release|x86.ActiveCfg = Release|Any CPU
		{9D1B18BB-7879-4931-A19B-4F6CE6FD48B1}.Release|x86.Build.0 = Release|Any CPU
		{A756F3FA-9172-4F08-94EB-17AFBD115078}.Debug|Any CPU.ActiveCfg = Debug|Any CPU
		{A756F3FA-9172-4F08-94EB-17AFBD115078}.Debug|Any CPU.Build.0 = Debug|Any CPU
		{A756F3FA-9172-4F08-94EB-17AFBD115078}.Debug|Default.ActiveCfg = Debug|Any CPU
		{A756F3FA-9172-4F08-94EB-17AFBD115078}.Debug|x64.ActiveCfg = Debug|Any CPU
		{A756F3FA-9172-4F08-94EB-17AFBD115078}.Debug|x64.Build.0 = Debug|Any CPU
		{A756F3FA-9172-4F08-94EB-17AFBD115078}.Debug|x86.ActiveCfg = Debug|Any CPU
		{A756F3FA-9172-4F08-94EB-17AFBD115078}.Debug|x86.Build.0 = Debug|Any CPU
		{A756F3FA-9172-4F08-94EB-17AFBD115078}.Release|Any CPU.ActiveCfg = Release|Any CPU
		{A756F3FA-9172-4F08-94EB-17AFBD115078}.Release|Any CPU.Build.0 = Release|Any CPU
		{A756F3FA-9172-4F08-94EB-17AFBD115078}.Release|Default.ActiveCfg = Release|Any CPU
		{A756F3FA-9172-4F08-94EB-17AFBD115078}.Release|Default.Build.0 = Release|Any CPU
		{A756F3FA-9172-4F08-94EB-17AFBD115078}.Release|x64.ActiveCfg = Release|Any CPU
		{A756F3FA-9172-4F08-94EB-17AFBD115078}.Release|x64.Build.0 = Release|Any CPU
		{A756F3FA-9172-4F08-94EB-17AFBD115078}.Release|x86.ActiveCfg = Release|Any CPU
		{A756F3FA-9172-4F08-94EB-17AFBD115078}.Release|x86.Build.0 = Release|Any CPU
		{409C7DD6-8DEB-4DF9-9D1E-91861B782A35}.Debug|Any CPU.ActiveCfg = Debug|Any CPU
		{409C7DD6-8DEB-4DF9-9D1E-91861B782A35}.Debug|Any CPU.Build.0 = Debug|Any CPU
		{409C7DD6-8DEB-4DF9-9D1E-91861B782A35}.Debug|Default.ActiveCfg = Debug|Any CPU
		{409C7DD6-8DEB-4DF9-9D1E-91861B782A35}.Debug|x64.ActiveCfg = Debug|Any CPU
		{409C7DD6-8DEB-4DF9-9D1E-91861B782A35}.Debug|x64.Build.0 = Debug|Any CPU
		{409C7DD6-8DEB-4DF9-9D1E-91861B782A35}.Debug|x86.ActiveCfg = Debug|Any CPU
		{409C7DD6-8DEB-4DF9-9D1E-91861B782A35}.Debug|x86.Build.0 = Debug|Any CPU
		{409C7DD6-8DEB-4DF9-9D1E-91861B782A35}.Release|Any CPU.ActiveCfg = Release|Any CPU
		{409C7DD6-8DEB-4DF9-9D1E-91861B782A35}.Release|Any CPU.Build.0 = Release|Any CPU
		{409C7DD6-8DEB-4DF9-9D1E-91861B782A35}.Release|Default.ActiveCfg = Release|Any CPU
		{409C7DD6-8DEB-4DF9-9D1E-91861B782A35}.Release|Default.Build.0 = Release|Any CPU
		{409C7DD6-8DEB-4DF9-9D1E-91861B782A35}.Release|x64.ActiveCfg = Release|Any CPU
		{409C7DD6-8DEB-4DF9-9D1E-91861B782A35}.Release|x64.Build.0 = Release|Any CPU
		{409C7DD6-8DEB-4DF9-9D1E-91861B782A35}.Release|x86.ActiveCfg = Release|Any CPU
		{409C7DD6-8DEB-4DF9-9D1E-91861B782A35}.Release|x86.Build.0 = Release|Any CPU
		{3DA28B64-BD56-4F33-9249-33C1ACB499DA}.Debug|Any CPU.ActiveCfg = Debug|Any CPU
		{3DA28B64-BD56-4F33-9249-33C1ACB499DA}.Debug|Any CPU.Build.0 = Debug|Any CPU
		{3DA28B64-BD56-4F33-9249-33C1ACB499DA}.Debug|Default.ActiveCfg = Debug|Any CPU
		{3DA28B64-BD56-4F33-9249-33C1ACB499DA}.Debug|x64.ActiveCfg = Debug|Any CPU
		{3DA28B64-BD56-4F33-9249-33C1ACB499DA}.Debug|x64.Build.0 = Debug|Any CPU
		{3DA28B64-BD56-4F33-9249-33C1ACB499DA}.Debug|x86.ActiveCfg = Debug|Any CPU
		{3DA28B64-BD56-4F33-9249-33C1ACB499DA}.Debug|x86.Build.0 = Debug|Any CPU
		{3DA28B64-BD56-4F33-9249-33C1ACB499DA}.Release|Any CPU.ActiveCfg = Release|Any CPU
		{3DA28B64-BD56-4F33-9249-33C1ACB499DA}.Release|Any CPU.Build.0 = Release|Any CPU
		{3DA28B64-BD56-4F33-9249-33C1ACB499DA}.Release|Default.ActiveCfg = Release|Any CPU
		{3DA28B64-BD56-4F33-9249-33C1ACB499DA}.Release|Default.Build.0 = Release|Any CPU
		{3DA28B64-BD56-4F33-9249-33C1ACB499DA}.Release|x64.ActiveCfg = Release|Any CPU
		{3DA28B64-BD56-4F33-9249-33C1ACB499DA}.Release|x64.Build.0 = Release|Any CPU
		{3DA28B64-BD56-4F33-9249-33C1ACB499DA}.Release|x86.ActiveCfg = Release|Any CPU
		{3DA28B64-BD56-4F33-9249-33C1ACB499DA}.Release|x86.Build.0 = Release|Any CPU
	EndGlobalSection
	GlobalSection(SolutionProperties) = preSolution
		HideSolutionNode = FALSE
	EndGlobalSection
	GlobalSection(SolutionConfigurationPlatforms) = preSolution
		Debug|Any CPU = Debug|Any CPU
		Debug|Default = Debug|Default
		Debug|x64 = Debug|x64
		Debug|x86 = Debug|x86
		Release|Any CPU = Release|Any CPU
		Release|Default = Release|Default
		Release|x64 = Release|x64
		Release|x86 = Release|x86
	EndGlobalSection
	GlobalSection(SolutionConfigurationPlatforms) = preSolution
		Debug|Any CPU = Debug|Any CPU
		Debug|Default = Debug|Default
		Debug|x64 = Debug|x64
		Release|Any CPU = Release|Any CPU
		Release|Default = Release|Default
		Release|x64 = Release|x64
	EndGlobalSection
	GlobalSection(SolutionConfigurationPlatforms) = preSolution
		Debug|Any CPU = Debug|Any CPU
		Debug|Default = Debug|Default
		Release|Any CPU = Release|Any CPU
		Release|Default = Release|Default
	EndGlobalSection
	GlobalSection(SolutionConfigurationPlatforms) = preSolution
		Debug|Any CPU = Debug|Any CPU
		Debug|x64 = Debug|x64
		Debug|x86 = Debug|x86
		Install|Any CPU = Install|Any CPU
		Install|x64 = Install|x64
		Install|x86 = Install|x86
		Release|Any CPU = Release|Any CPU
		Release|x64 = Release|x64
		Release|x86 = Release|x86
	EndGlobalSection
EndGlobal
